
Microsoft Visual Studio Solution File, Format Version 12.00
# Visual Studio Version 17
VisualStudioVersion = 17.4.33205.214
MinimumVisualStudioVersion = 10.0.40219.1
Project("{FAE04EC0-301F-11D3-BF4B-00C04F79EFBC}") = "FichasAndDragons.API", "FichasAndDragons.API\FichasAndDragons.API.csproj", "{226D9507-574B-4FA2-8264-69115619750B}"
EndProject
Project("{FAE04EC0-301F-11D3-BF4B-00C04F79EFBC}") = "FichasAndDragons.Aplicacao", "FichasAndDragons.Aplicacao\FichasAndDragons.Aplicacao.csproj", "{365D189A-45B7-49C3-9160-EC07D173211B}"
EndProject
Project("{FAE04EC0-301F-11D3-BF4B-00C04F79EFBC}") = "FichasAndDragons.DataTransfer", "FichasAndDragons.DataTransfer\FichasAndDragons.DataTransfer.csproj", "{68D613DE-D598-47E4-ADF8-D28609BCC8E2}"
EndProject
Project("{FAE04EC0-301F-11D3-BF4B-00C04F79EFBC}") = "FichasAndDragons.Dominio", "FichasAndDragons.Dominio\FichasAndDragons.Dominio.csproj", "{51B1C5DB-02DE-4322-A8FE-D377418ADB70}"
EndProject
Project("{FAE04EC0-301F-11D3-BF4B-00C04F79EFBC}") = "FichasAndDragons.Infra", "FichasAndDragons.Infra\FichasAndDragons.Infra.csproj", "{FE121A82-16BE-486F-8862-027465319315}"
EndProject
Project("{FAE04EC0-301F-11D3-BF4B-00C04F79EFBC}") = "FichasAndDragons.Ioc", "FichasAndDragons.Ioc\FichasAndDragons.Ioc.csproj", "{72AC4771-F5D1-4506-BEF5-415A9A763555}"
EndProject
Global
	GlobalSection(SolutionConfigurationPlatforms) = preSolution
		Debug|Any CPU = Debug|Any CPU
		Release|Any CPU = Release|Any CPU
	EndGlobalSection
	GlobalSection(ProjectConfigurationPlatforms) = postSolution
		{226D9507-574B-4FA2-8264-69115619750B}.Debug|Any CPU.ActiveCfg = Debug|Any CPU
		{226D9507-574B-4FA2-8264-69115619750B}.Debug|Any CPU.Build.0 = Debug|Any CPU
		{226D9507-574B-4FA2-8264-69115619750B}.Release|Any CPU.ActiveCfg = Release|Any CPU
		{226D9507-574B-4FA2-8264-69115619750B}.Release|Any CPU.Build.0 = Release|Any CPU
		{365D189A-45B7-49C3-9160-EC07D173211B}.Debug|Any CPU.ActiveCfg = Debug|Any CPU
		{365D189A-45B7-49C3-9160-EC07D173211B}.Debug|Any CPU.Build.0 = Debug|Any CPU
		{365D189A-45B7-49C3-9160-EC07D173211B}.Release|Any CPU.ActiveCfg = Release|Any CPU
		{365D189A-45B7-49C3-9160-EC07D173211B}.Release|Any CPU.Build.0 = Release|Any CPU
		{68D613DE-D598-47E4-ADF8-D28609BCC8E2}.Debug|Any CPU.ActiveCfg = Debug|Any CPU
		{68D613DE-D598-47E4-ADF8-D28609BCC8E2}.Debug|Any CPU.Build.0 = Debug|Any CPU
		{68D613DE-D598-47E4-ADF8-D28609BCC8E2}.Release|Any CPU.ActiveCfg = Release|Any CPU
		{68D613DE-D598-47E4-ADF8-D28609BCC8E2}.Release|Any CPU.Build.0 = Release|Any CPU
		{51B1C5DB-02DE-4322-A8FE-D377418ADB70}.Debug|Any CPU.ActiveCfg = Debug|Any CPU
		{51B1C5DB-02DE-4322-A8FE-D377418ADB70}.Debug|Any CPU.Build.0 = Debug|Any CPU
		{51B1C5DB-02DE-4322-A8FE-D377418ADB70}.Release|Any CPU.ActiveCfg = Release|Any CPU
		{51B1C5DB-02DE-4322-A8FE-D377418ADB70}.Release|Any CPU.Build.0 = Release|Any CPU
		{FE121A82-16BE-486F-8862-027465319315}.Debug|Any CPU.ActiveCfg = Debug|Any CPU
		{FE121A82-16BE-486F-8862-027465319315}.Debug|Any CPU.Build.0 = Debug|Any CPU
		{FE121A82-16BE-486F-8862-027465319315}.Release|Any CPU.ActiveCfg = Release|Any CPU
		{FE121A82-16BE-486F-8862-027465319315}.Release|Any CPU.Build.0 = Release|Any CPU
		{72AC4771-F5D1-4506-BEF5-415A9A763555}.Debug|Any CPU.ActiveCfg = Debug|Any CPU
		{72AC4771-F5D1-4506-BEF5-415A9A763555}.Debug|Any CPU.Build.0 = Debug|Any CPU
		{72AC4771-F5D1-4506-BEF5-415A9A763555}.Release|Any CPU.ActiveCfg = Release|Any CPU
		{72AC4771-F5D1-4506-BEF5-415A9A763555}.Release|Any CPU.Build.0 = Release|Any CPU
	EndGlobalSection
	GlobalSection(SolutionProperties) = preSolution
		HideSolutionNode = FALSE
	EndGlobalSection
	GlobalSection(ExtensibilityGlobals) = postSolution
		SolutionGuid = {4500CC55-04FD-4597-8E65-5FBA1245AF71}
	EndGlobalSection
EndGlobal
